
Microsoft Visual Studio Solution File, Format Version 12.00
# Visual Studio Version 16
VisualStudioVersion = 16.0.29123.88
MinimumVisualStudioVersion = 10.0.40219.1
Project("{FAE04EC0-301F-11D3-BF4B-00C04F79EFBC}") = "RealEstateProject", "RealEstateProject\RealEstateProject.csproj", "{35148839-A411-4AC0-8029-1C5560444920}"
EndProject
Global
	GlobalSection(SolutionConfigurationPlatforms) = preSolution
		Debug|Any CPU = Debug|Any CPU
		Release|Any CPU = Release|Any CPU
	EndGlobalSection
	GlobalSection(ProjectConfigurationPlatforms) = postSolution
		{35148839-A411-4AC0-8029-1C5560444920}.Debug|Any CPU.ActiveCfg = Debug|Any CPU
		{35148839-A411-4AC0-8029-1C5560444920}.Debug|Any CPU.Build.0 = Debug|Any CPU
		{35148839-A411-4AC0-8029-1C5560444920}.Release|Any CPU.ActiveCfg = Release|Any CPU
		{35148839-A411-4AC0-8029-1C5560444920}.Release|Any CPU.Build.0 = Release|Any CPU
	EndGlobalSection
	GlobalSection(SolutionProperties) = preSolution
		HideSolutionNode = FALSE
	EndGlobalSection
	GlobalSection(ExtensibilityGlobals) = postSolution
		SolutionGuid = {D1679DF7-B638-4DBA-BAAE-53F6A05D511D}
	EndGlobalSection
EndGlobal
